{
  "version": 4,
  "terraform_version": "1.12.2",
  "serial": 25,
  "lineage": "d0ae22ba-c129-f7e1-5c5e-b199a4b70a44",
  "outputs": {
    "ecs_public_ip": {
      "value": "119.8.185.170",
      "type": "string"
    }
  },
  "resources": [
    {
      "mode": "managed",
      "type": "huaweicloud_compute_keypair",
      "name": "keypair",
      "provider": "provider[\"registry.terraform.io/huaweicloud/huaweicloud\"]",
      "instances": [
        {
          "schema_version": 0,
          "attributes": {
            "id": "my-keypair",
            "key_file": "my-keypair.pem",
            "name": "my-keypair",
            "public_key": "ssh-rsa AAAAB3NzaC1yc2EAAAADAQABAAABgQDHAqoncqzSr4IL6iQeeJvxZLfylM1QWFx9iH7V6izEzqrBo9kge/3iIixZOrlf56Bv12vGaBTqEU4Xvha+llZh+b/Kz4jZxr0by7B3STrnbYQ3EggPqJfoZPNhSm/yNDuQk28wYT6T9eyxfbKgkvfqjb3q65ZaApz1dgJK41RnRK1xBxT9+Y2aOmhjGyDexWPScX/k7Pso27RQA0P0G32ihQgwEX8iRnO8nVODu55w34HWHoxgWkZIHbA+Xb7tMEoK9Ov2rnpAriGhCQggNRmVt6IU4ymgz+uKTCERXnNb1M3UkwspVZ9oAZG1oNmfcdx5fOe1Wz9ph9fBWl89IbPwD007l2cOf5uq2pX1LzU5K+uLCPjKFEieF9bSvYJ8AVzYuaWBl++ee5sdpbmbh2ttzMVof56kxLSD3n0xa3Q5sACbfHIiCX9BRySkNthB4Wzlua9zzPhaNqeB3zoTuY7Tce2BaRFstkQR3fp4af8/KuoLQhkNhh/BUlduy4qL2S0= Generated-by-Nova\n",
            "region": "ap-southeast-3"
          },
          "sensitive_attributes": [],
          "identity_schema_version": 0,
          "private": "bnVsbA=="
        }
      ]
    },
    {
      "mode": "managed",
      "type": "huaweicloud_networking_secgroup",
      "name": "sg",
      "provider": "provider[\"registry.terraform.io/huaweicloud/huaweicloud\"]",
      "instances": [
        {
          "schema_version": 0,
          "attributes": {
            "created_at": "2025-07-30T07:06:35Z",
            "delete_default_rules": null,
            "description": "Allow SSH and ICMP",
            "enterprise_project_id": "0",
            "id": "dcf4a36d-c839-4ed0-9dfe-3ed8807bdf4d",
            "name": "allow-ssh-icmp",
            "region": "ap-southeast-3",
            "rules": [
              {
                "action": "allow",
                "description": "",
                "direction": "ingress",
                "ethertype": "IPv4",
                "id": "189ed063-de9f-406a-8b79-979d6964ba4f",
                "port_range_max": 0,
                "port_range_min": 0,
                "ports": "",
                "priority": 100,
                "protocol": "",
                "remote_address_group_id": "",
                "remote_group_id": "dcf4a36d-c839-4ed0-9dfe-3ed8807bdf4d",
                "remote_ip_prefix": ""
              },
              {
                "action": "allow",
                "description": "",
                "direction": "egress",
                "ethertype": "IPv6",
                "id": "3099012a-6609-49a5-9727-f5c425bc8c8c",
                "port_range_max": 0,
                "port_range_min": 0,
                "ports": "",
                "priority": 100,
                "protocol": "",
                "remote_address_group_id": "",
                "remote_group_id": "",
                "remote_ip_prefix": ""
              },
              {
                "action": "allow",
                "description": "",
                "direction": "egress",
                "ethertype": "IPv4",
                "id": "5f675e3d-2627-427c-84a2-389b57696d18",
                "port_range_max": 0,
                "port_range_min": 0,
                "ports": "",
                "priority": 100,
                "protocol": "",
                "remote_address_group_id": "",
                "remote_group_id": "",
                "remote_ip_prefix": ""
              },
              {
                "action": "allow",
                "description": "",
                "direction": "ingress",
                "ethertype": "IPv6",
                "id": "60a6bcc2-71a3-48f5-9444-5a975ffb2b0b",
                "port_range_max": 0,
                "port_range_min": 0,
                "ports": "",
                "priority": 100,
                "protocol": "",
                "remote_address_group_id": "",
                "remote_group_id": "dcf4a36d-c839-4ed0-9dfe-3ed8807bdf4d",
                "remote_ip_prefix": ""
              }
            ],
            "timeouts": null,
            "updated_at": "2025-07-30T07:06:35Z"
          },
          "sensitive_attributes": [],
          "identity_schema_version": 0,
          "private": "eyJlMmJmYjczMC1lY2FhLTExZTYtOGY4OC0zNDM2M2JjN2M0YzAiOnsiZGVsZXRlIjo2MDAwMDAwMDAwMDB9fQ=="
        }
      ]
    },
    {
      "mode": "managed",
      "type": "huaweicloud_networking_secgroup_rule",
      "name": "icmp",
      "provider": "provider[\"registry.terraform.io/huaweicloud/huaweicloud\"]",
      "instances": [
        {
          "schema_version": 0,
          "attributes": {
            "action": "allow",
            "description": "",
            "direction": "ingress",
            "ethertype": "IPv4",
            "id": "aaea91c5-03fb-4968-b9f1-1a5288e1d937",
            "port_range_max": 0,
            "port_range_min": 0,
            "ports": "",
            "priority": 1,
            "protocol": "icmp",
            "region": "ap-southeast-3",
            "remote_address_group_id": "",
            "remote_group_id": "",
            "remote_ip_prefix": "0.0.0.0/0",
            "security_group_id": "dcf4a36d-c839-4ed0-9dfe-3ed8807bdf4d",
            "timeouts": null
          },
          "sensitive_attributes": [],
          "identity_schema_version": 0,
          "private": "eyJlMmJmYjczMC1lY2FhLTExZTYtOGY4OC0zNDM2M2JjN2M0YzAiOnsiZGVsZXRlIjo2MDAwMDAwMDAwMDB9fQ==",
          "dependencies": [
            "huaweicloud_networking_secgroup.sg"
          ]
        }
      ]
    },
    {
      "mode": "managed",
      "type": "huaweicloud_networking_secgroup_rule",
      "name": "ssh",
      "provider": "provider[\"registry.terraform.io/huaweicloud/huaweicloud\"]",
      "instances": [
        {
          "schema_version": 0,
          "attributes": {
            "action": "allow",
            "description": "",
            "direction": "ingress",
            "ethertype": "IPv4",
            "id": "3eac120a-cf87-4d3a-b41e-1f4bc3e7d7d6",
            "port_range_max": 22,
            "port_range_min": 22,
            "ports": "22",
            "priority": 1,
            "protocol": "tcp",
            "region": "ap-southeast-3",
            "remote_address_group_id": "",
            "remote_group_id": "",
            "remote_ip_prefix": "0.0.0.0/0",
            "security_group_id": "dcf4a36d-c839-4ed0-9dfe-3ed8807bdf4d",
            "timeouts": null
          },
          "sensitive_attributes": [],
          "identity_schema_version": 0,
          "private": "eyJlMmJmYjczMC1lY2FhLTExZTYtOGY4OC0zNDM2M2JjN2M0YzAiOnsiZGVsZXRlIjo2MDAwMDAwMDAwMDB9fQ==",
          "dependencies": [
            "huaweicloud_networking_secgroup.sg"
          ]
        }
      ]
    },
    {
      "mode": "managed",
      "type": "huaweicloud_vpc_eip",
      "name": "eip",
      "provider": "provider[\"registry.terraform.io/huaweicloud/huaweicloud\"]",
      "instances": [
        {
          "schema_version": 0,
          "attributes": {
            "address": "119.8.185.170",
            "auto_pay": null,
            "auto_renew": null,
            "bandwidth": [
              {
                "charge_mode": "traffic",
                "id": "54eda791-b8ca-4f8b-92ac-feeed616a6a8",
                "name": "ecs-bandwidth",
                "share_type": "PER",
                "size": 5
              }
            ],
            "charging_mode": null,
            "enterprise_project_id": "0",
            "id": "af81526d-4048-41e3-9a2d-b1386f8879c8",
            "ipv6_address": "",
            "name": "",
            "period": null,
            "period_unit": null,
            "port_id": "",
            "private_ip": "",
            "publicip": [
              {
                "ip_address": "119.8.185.170",
                "ip_version": 4,
                "port_id": "",
                "type": "5_bgp"
              }
            ],
            "region": "ap-southeast-3",
            "status": "UNBOUND",
            "tags": null,
            "timeouts": null
          },
          "sensitive_attributes": [],
          "identity_schema_version": 0,
          "private": "eyJlMmJmYjczMC1lY2FhLTExZTYtOGY4OC0zNDM2M2JjN2M0YzAiOnsiY3JlYXRlIjo2MDAwMDAwMDAwMDAsImRlbGV0ZSI6MzAwMDAwMDAwMDAwLCJ1cGRhdGUiOjMwMDAwMDAwMDAwMH19"
        }
      ]
    }
  ],
  "check_results": null
}
