{
  "version": 4,
  "terraform_version": "1.12.2",
  "serial": 29,
  "lineage": "d0ae22ba-c129-f7e1-5c5e-b199a4b70a44",
  "outputs": {
    "ecs_public_ip": {
      "value": "119.8.185.170",
      "type": "string"
    }
  },
  "resources": [
    {
      "mode": "managed",
      "type": "huaweicloud_compute_instance",
      "name": "ecs",
      "provider": "provider[\"registry.terraform.io/huaweicloud/huaweicloud\"]",
      "instances": [
        {
          "schema_version": 0,
          "attributes": {
            "access_ip_v4": "192.168.10.209",
            "access_ip_v6": "",
            "admin_pass": null,
            "agency_name": "",
            "agent_list": "",
            "auto_pay": null,
            "auto_renew": null,
            "availability_zone": "ap-southeast-3a",
            "bandwidth": [],
            "block_device": [],
            "charging_mode": "postPaid",
            "created_at": "2025-07-30T07:09:14Z",
            "data_disks": [],
            "delete_disks_on_termination": null,
            "delete_eip_on_termination": true,
            "eip_id": "af81526d-4048-41e3-9a2d-b1386f8879c8",
            "eip_type": null,
            "enterprise_project_id": "0",
            "flavor_id": "s6.small.1",
            "flavor_name": "s6.small.1",
            "id": "9ed6fffd-cc72-45fb-84f2-7a1c4a876ae7",
            "image_id": "1228013a-31dd-4a42-97ac-6e595a80302a",
            "image_name": "Ubuntu 20.04 server 64bit",
            "key_pair": "my-keypair",
            "metadata": null,
            "name": "my-ecs",
            "network": [
              {
                "access_network": false,
                "fixed_ip_v4": "192.168.10.209",
                "fixed_ip_v6": "",
                "ipv6_enable": false,
                "mac": "fa:16:3e:9c:fe:c5",
                "port": "56f03afe-f024-4734-a3a5-a01aa971e694",
                "source_dest_check": true,
                "uuid": "65de6918-b457-45f4-ae38-c49771a96127"
              }
            ],
            "period": null,
            "period_unit": null,
            "power_action": null,
            "private_key": null,
            "public_ip": "119.8.185.170",
            "region": "ap-southeast-3",
            "scheduler_hints": [],
            "security_group_ids": [
              "dcf4a36d-c839-4ed0-9dfe-3ed8807bdf4d"
            ],
            "security_groups": [
              "allow-ssh-icmp"
            ],
            "spot_duration": null,
            "spot_duration_count": null,
            "spot_maximum_price": null,
            "status": "ACTIVE",
            "stop_before_destroy": false,
            "system_disk_id": "77717cb1-1939-445e-8160-32e82ef31cab",
            "system_disk_size": 10,
            "system_disk_type": "GPSSD",
            "tags": null,
            "timeouts": null,
            "updated_at": "2025-07-30T07:09:36Z",
            "user_data": null,
            "user_id": null,
            "volume_attached": [
              {
                "boot_index": 0,
                "pci_address": "0000:02:01.0",
                "size": 10,
                "type": "GPSSD",
                "volume_id": "77717cb1-1939-445e-8160-32e82ef31cab"
              }
            ]
          },
          "sensitive_attributes": [
            [
              {
                "type": "get_attr",
                "value": "admin_pass"
              }
            ],
            [
              {
                "type": "get_attr",
                "value": "private_key"
              }
            ]
          ],
          "identity_schema_version": 0,
          "private": "eyJlMmJmYjczMC1lY2FhLTExZTYtOGY4OC0zNDM2M2JjN2M0YzAiOnsiY3JlYXRlIjoxODAwMDAwMDAwMDAwLCJkZWxldGUiOjE4MDAwMDAwMDAwMDAsInVwZGF0ZSI6MTgwMDAwMDAwMDAwMH19",
          "dependencies": [
            "huaweicloud_compute_keypair.keypair",
            "huaweicloud_networking_secgroup.sg",
            "huaweicloud_vpc.vpc",
            "huaweicloud_vpc_eip.eip",
            "huaweicloud_vpc_subnet.subnet"
          ]
        }
      ]
    },
    {
      "mode": "managed",
      "type": "huaweicloud_compute_keypair",
      "name": "keypair",
      "provider": "provider[\"registry.terraform.io/huaweicloud/huaweicloud\"]",
      "instances": [
        {
          "schema_version": 0,
          "attributes": {
            "id": "my-keypair",
            "key_file": "my-keypair.pem",
            "name": "my-keypair",
            "public_key": "ssh-rsa AAAAB3NzaC1yc2EAAAADAQABAAABgQDHAqoncqzSr4IL6iQeeJvxZLfylM1QWFx9iH7V6izEzqrBo9kge/3iIixZOrlf56Bv12vGaBTqEU4Xvha+llZh+b/Kz4jZxr0by7B3STrnbYQ3EggPqJfoZPNhSm/yNDuQk28wYT6T9eyxfbKgkvfqjb3q65ZaApz1dgJK41RnRK1xBxT9+Y2aOmhjGyDexWPScX/k7Pso27RQA0P0G32ihQgwEX8iRnO8nVODu55w34HWHoxgWkZIHbA+Xb7tMEoK9Ov2rnpAriGhCQggNRmVt6IU4ymgz+uKTCERXnNb1M3UkwspVZ9oAZG1oNmfcdx5fOe1Wz9ph9fBWl89IbPwD007l2cOf5uq2pX1LzU5K+uLCPjKFEieF9bSvYJ8AVzYuaWBl++ee5sdpbmbh2ttzMVof56kxLSD3n0xa3Q5sACbfHIiCX9BRySkNthB4Wzlua9zzPhaNqeB3zoTuY7Tce2BaRFstkQR3fp4af8/KuoLQhkNhh/BUlduy4qL2S0= Generated-by-Nova\n",
            "region": "ap-southeast-3"
          },
          "sensitive_attributes": [],
          "identity_schema_version": 0,
          "private": "bnVsbA=="
        }
      ]
    },
    {
      "mode": "managed",
      "type": "huaweicloud_networking_secgroup",
      "name": "sg",
      "provider": "provider[\"registry.terraform.io/huaweicloud/huaweicloud\"]",
      "instances": [
        {
          "schema_version": 0,
          "attributes": {
            "created_at": "2025-07-30T07:06:35Z",
            "delete_default_rules": null,
            "description": "Allow SSH and ICMP",
            "enterprise_project_id": "0",
            "id": "dcf4a36d-c839-4ed0-9dfe-3ed8807bdf4d",
            "name": "allow-ssh-icmp",
            "region": "ap-southeast-3",
            "rules": [
              {
                "action": "allow",
                "description": "",
                "direction": "ingress",
                "ethertype": "IPv4",
                "id": "3eac120a-cf87-4d3a-b41e-1f4bc3e7d7d6",
                "port_range_max": 22,
                "port_range_min": 22,
                "ports": "22",
                "priority": 1,
                "protocol": "tcp",
                "remote_address_group_id": "",
                "remote_group_id": "",
                "remote_ip_prefix": "0.0.0.0/0"
              },
              {
                "action": "allow",
                "description": "",
                "direction": "ingress",
                "ethertype": "IPv4",
                "id": "aaea91c5-03fb-4968-b9f1-1a5288e1d937",
                "port_range_max": 0,
                "port_range_min": 0,
                "ports": "",
                "priority": 1,
                "protocol": "icmp",
                "remote_address_group_id": "",
                "remote_group_id": "",
                "remote_ip_prefix": "0.0.0.0/0"
              },
              {
                "action": "allow",
                "description": "",
                "direction": "ingress",
                "ethertype": "IPv4",
                "id": "189ed063-de9f-406a-8b79-979d6964ba4f",
                "port_range_max": 0,
                "port_range_min": 0,
                "ports": "",
                "priority": 100,
                "protocol": "",
                "remote_address_group_id": "",
                "remote_group_id": "dcf4a36d-c839-4ed0-9dfe-3ed8807bdf4d",
                "remote_ip_prefix": ""
              },
              {
                "action": "allow",
                "description": "",
                "direction": "egress",
                "ethertype": "IPv6",
                "id": "3099012a-6609-49a5-9727-f5c425bc8c8c",
                "port_range_max": 0,
                "port_range_min": 0,
                "ports": "",
                "priority": 100,
                "protocol": "",
                "remote_address_group_id": "",
                "remote_group_id": "",
                "remote_ip_prefix": ""
              },
              {
                "action": "allow",
                "description": "",
                "direction": "egress",
                "ethertype": "IPv4",
                "id": "5f675e3d-2627-427c-84a2-389b57696d18",
                "port_range_max": 0,
                "port_range_min": 0,
                "ports": "",
                "priority": 100,
                "protocol": "",
                "remote_address_group_id": "",
                "remote_group_id": "",
                "remote_ip_prefix": ""
              },
              {
                "action": "allow",
                "description": "",
                "direction": "ingress",
                "ethertype": "IPv6",
                "id": "60a6bcc2-71a3-48f5-9444-5a975ffb2b0b",
                "port_range_max": 0,
                "port_range_min": 0,
                "ports": "",
                "priority": 100,
                "protocol": "",
                "remote_address_group_id": "",
                "remote_group_id": "dcf4a36d-c839-4ed0-9dfe-3ed8807bdf4d",
                "remote_ip_prefix": ""
              }
            ],
            "timeouts": null,
            "updated_at": "2025-07-30T07:06:35Z"
          },
          "sensitive_attributes": [],
          "identity_schema_version": 0,
          "private": "eyJlMmJmYjczMC1lY2FhLTExZTYtOGY4OC0zNDM2M2JjN2M0YzAiOnsiZGVsZXRlIjo2MDAwMDAwMDAwMDB9fQ=="
        }
      ]
    },
    {
      "mode": "managed",
      "type": "huaweicloud_networking_secgroup_rule",
      "name": "icmp",
      "provider": "provider[\"registry.terraform.io/huaweicloud/huaweicloud\"]",
      "instances": [
        {
          "schema_version": 0,
          "attributes": {
            "action": "allow",
            "description": "",
            "direction": "ingress",
            "ethertype": "IPv4",
            "id": "aaea91c5-03fb-4968-b9f1-1a5288e1d937",
            "port_range_max": 0,
            "port_range_min": 0,
            "ports": "",
            "priority": 1,
            "protocol": "icmp",
            "region": "ap-southeast-3",
            "remote_address_group_id": "",
            "remote_group_id": "",
            "remote_ip_prefix": "0.0.0.0/0",
            "security_group_id": "dcf4a36d-c839-4ed0-9dfe-3ed8807bdf4d",
            "timeouts": null
          },
          "sensitive_attributes": [],
          "identity_schema_version": 0,
          "private": "eyJlMmJmYjczMC1lY2FhLTExZTYtOGY4OC0zNDM2M2JjN2M0YzAiOnsiZGVsZXRlIjo2MDAwMDAwMDAwMDB9fQ==",
          "dependencies": [
            "huaweicloud_networking_secgroup.sg"
          ]
        }
      ]
    },
    {
      "mode": "managed",
      "type": "huaweicloud_networking_secgroup_rule",
      "name": "ssh",
      "provider": "provider[\"registry.terraform.io/huaweicloud/huaweicloud\"]",
      "instances": [
        {
          "schema_version": 0,
          "attributes": {
            "action": "allow",
            "description": "",
            "direction": "ingress",
            "ethertype": "IPv4",
            "id": "3eac120a-cf87-4d3a-b41e-1f4bc3e7d7d6",
            "port_range_max": 22,
            "port_range_min": 22,
            "ports": "22",
            "priority": 1,
            "protocol": "tcp",
            "region": "ap-southeast-3",
            "remote_address_group_id": "",
            "remote_group_id": "",
            "remote_ip_prefix": "0.0.0.0/0",
            "security_group_id": "dcf4a36d-c839-4ed0-9dfe-3ed8807bdf4d",
            "timeouts": null
          },
          "sensitive_attributes": [],
          "identity_schema_version": 0,
          "private": "eyJlMmJmYjczMC1lY2FhLTExZTYtOGY4OC0zNDM2M2JjN2M0YzAiOnsiZGVsZXRlIjo2MDAwMDAwMDAwMDB9fQ==",
          "dependencies": [
            "huaweicloud_networking_secgroup.sg"
          ]
        }
      ]
    },
    {
      "mode": "managed",
      "type": "huaweicloud_vpc",
      "name": "vpc",
      "provider": "provider[\"registry.terraform.io/huaweicloud/huaweicloud\"]",
      "instances": [
        {
          "schema_version": 0,
          "attributes": {
            "cidr": "192.168.0.0/16",
            "description": "",
            "enterprise_project_id": "0",
            "id": "75626cbd-d003-4e78-91b6-2e03670dd4f4",
            "name": "my-vpc-ghayyur",
            "region": "ap-southeast-3",
            "routes": [],
            "secondary_cidr": null,
            "status": "OK",
            "tags": null,
            "timeouts": null
          },
          "sensitive_attributes": [],
          "identity_schema_version": 0,
          "private": "eyJlMmJmYjczMC1lY2FhLTExZTYtOGY4OC0zNDM2M2JjN2M0YzAiOnsiY3JlYXRlIjo2MDAwMDAwMDAwMDAsImRlbGV0ZSI6MTgwMDAwMDAwMDAwfX0="
        }
      ]
    },
    {
      "mode": "managed",
      "type": "huaweicloud_vpc_eip",
      "name": "eip",
      "provider": "provider[\"registry.terraform.io/huaweicloud/huaweicloud\"]",
      "instances": [
        {
          "schema_version": 0,
          "attributes": {
            "address": "119.8.185.170",
            "auto_pay": null,
            "auto_renew": null,
            "bandwidth": [
              {
                "charge_mode": "traffic",
                "id": "54eda791-b8ca-4f8b-92ac-feeed616a6a8",
                "name": "ecs-bandwidth",
                "share_type": "PER",
                "size": 5
              }
            ],
            "charging_mode": null,
            "enterprise_project_id": "0",
            "id": "af81526d-4048-41e3-9a2d-b1386f8879c8",
            "ipv6_address": "",
            "name": "",
            "period": null,
            "period_unit": null,
            "port_id": "",
            "private_ip": "",
            "publicip": [
              {
                "ip_address": "119.8.185.170",
                "ip_version": 4,
                "port_id": "",
                "type": "5_bgp"
              }
            ],
            "region": "ap-southeast-3",
            "status": "UNBOUND",
            "tags": {},
            "timeouts": null
          },
          "sensitive_attributes": [],
          "identity_schema_version": 0,
          "private": "eyJlMmJmYjczMC1lY2FhLTExZTYtOGY4OC0zNDM2M2JjN2M0YzAiOnsiY3JlYXRlIjo2MDAwMDAwMDAwMDAsImRlbGV0ZSI6MzAwMDAwMDAwMDAwLCJ1cGRhdGUiOjMwMDAwMDAwMDAwMH19"
        }
      ]
    },
    {
      "mode": "managed",
      "type": "huaweicloud_vpc_subnet",
      "name": "subnet",
      "provider": "provider[\"registry.terraform.io/huaweicloud/huaweicloud\"]",
      "instances": [
        {
          "schema_version": 0,
          "attributes": {
            "availability_zone": "ap-southeast-3a",
            "cidr": "192.168.10.0/24",
            "description": "",
            "dhcp_enable": true,
            "dns_list": [
              "8.8.8.8",
              "8.8.4.4"
            ],
            "gateway_ip": "192.168.10.1",
            "id": "65de6918-b457-45f4-ae38-c49771a96127",
            "ipv4_subnet_id": "543c5496-4fc1-49e5-b574-2e159eeeb2de",
            "ipv6_cidr": "",
            "ipv6_enable": false,
            "ipv6_gateway": "",
            "ipv6_subnet_id": "",
            "name": "my-subnet",
            "primary_dns": "8.8.8.8",
            "region": "ap-southeast-3",
            "secondary_dns": "8.8.4.4",
            "subnet_id": "543c5496-4fc1-49e5-b574-2e159eeeb2de",
            "tags": null,
            "timeouts": null,
            "vpc_id": "75626cbd-d003-4e78-91b6-2e03670dd4f4"
          },
          "sensitive_attributes": [],
          "identity_schema_version": 0,
          "private": "eyJlMmJmYjczMC1lY2FhLTExZTYtOGY4OC0zNDM2M2JjN2M0YzAiOnsiY3JlYXRlIjozMDAwMDAwMDAwMDAsImRlbGV0ZSI6MzAwMDAwMDAwMDAwfX0=",
          "dependencies": [
            "huaweicloud_vpc.vpc"
          ]
        }
      ]
    }
  ],
  "check_results": null
}
